// !$*UTF8*$!
{
	archiveVersion = 1;
	classes = {
	};
	objectVersion = 50;
	objects = {

/* Begin PBXBuildFile section */
		85A2E74D24F8941F0053DE80 /* CustomTextField.swift in Sources */ = {isa = PBXBuildFile; fileRef = 85A2E74C24F8941F0053DE80 /* CustomTextField.swift */; };
		85A2E74F24F89B0C0053DE80 /* AuthViewModel.swift in Sources */ = {isa = PBXBuildFile; fileRef = 85A2E74E24F89B0C0053DE80 /* AuthViewModel.swift */; };
		85A2E75124F89F0E0053DE80 /* HomeController.swift in Sources */ = {isa = PBXBuildFile; fileRef = 85A2E75024F89F0E0053DE80 /* HomeController.swift */; };
		85A2E75324F8A68A0053DE80 /* User.swift in Sources */ = {isa = PBXBuildFile; fileRef = 85A2E75224F8A68A0053DE80 /* User.swift */; };
		85C382AE24F6A6C600BB7F3C /* AppDelegate.swift in Sources */ = {isa = PBXBuildFile; fileRef = 85C382AD24F6A6C600BB7F3C /* AppDelegate.swift */; };
		85C382B024F6A6C600BB7F3C /* SceneDelegate.swift in Sources */ = {isa = PBXBuildFile; fileRef = 85C382AF24F6A6C600BB7F3C /* SceneDelegate.swift */; };
		85C382B524F6A6C600BB7F3C /* Main.storyboard in Resources */ = {isa = PBXBuildFile; fileRef = 85C382B324F6A6C600BB7F3C /* Main.storyboard */; };
		85C382B724F6A6C900BB7F3C /* Assets.xcassets in Resources */ = {isa = PBXBuildFile; fileRef = 85C382B624F6A6C900BB7F3C /* Assets.xcassets */; };
		85C382BA24F6A6C900BB7F3C /* LaunchScreen.storyboard in Resources */ = {isa = PBXBuildFile; fileRef = 85C382B824F6A6C900BB7F3C /* LaunchScreen.storyboard */; };
		85C382C724F6A76F00BB7F3C /* Extensions.swift in Sources */ = {isa = PBXBuildFile; fileRef = 85C382C624F6A76F00BB7F3C /* Extensions.swift */; };
		85D6B9C224F6AC7000AA2C9B /* LoginController.swift in Sources */ = {isa = PBXBuildFile; fileRef = 85D6B9C124F6AC7000AA2C9B /* LoginController.swift */; };
		85D6B9C424F6AC8700AA2C9B /* RegistrationController.swift in Sources */ = {isa = PBXBuildFile; fileRef = 85D6B9C324F6AC8700AA2C9B /* RegistrationController.swift */; };
		85D6B9C724F6B08300AA2C9B /* InputContainerView.swift in Sources */ = {isa = PBXBuildFile; fileRef = 85D6B9C624F6B08300AA2C9B /* InputContainerView.swift */; };
/* End PBXBuildFile section */

/* Begin PBXFileReference section */
		85A2E74C24F8941F0053DE80 /* CustomTextField.swift */ = {isa = PBXFileReference; lastKnownFileType = sourcecode.swift; path = CustomTextField.swift; sourceTree = "<group>"; };
		85A2E74E24F89B0C0053DE80 /* AuthViewModel.swift */ = {isa = PBXFileReference; lastKnownFileType = sourcecode.swift; path = AuthViewModel.swift; sourceTree = "<group>"; };
		85A2E75024F89F0E0053DE80 /* HomeController.swift */ = {isa = PBXFileReference; lastKnownFileType = sourcecode.swift; path = HomeController.swift; sourceTree = "<group>"; };
		85A2E75224F8A68A0053DE80 /* User.swift */ = {isa = PBXFileReference; lastKnownFileType = sourcecode.swift; path = User.swift; sourceTree = "<group>"; };
		85C382AA24F6A6C600BB7F3C /* toDoApp_rails.app */ = {isa = PBXFileReference; explicitFileType = wrapper.application; includeInIndex = 0; path = toDoApp_rails.app; sourceTree = BUILT_PRODUCTS_DIR; };
		85C382AD24F6A6C600BB7F3C /* AppDelegate.swift */ = {isa = PBXFileReference; lastKnownFileType = sourcecode.swift; path = AppDelegate.swift; sourceTree = "<group>"; };
		85C382AF24F6A6C600BB7F3C /* SceneDelegate.swift */ = {isa = PBXFileReference; lastKnownFileType = sourcecode.swift; path = SceneDelegate.swift; sourceTree = "<group>"; };
		85C382B424F6A6C600BB7F3C /* Base */ = {isa = PBXFileReference; lastKnownFileType = file.storyboard; name = Base; path = Base.lproj/Main.storyboard; sourceTree = "<group>"; };
		85C382B624F6A6C900BB7F3C /* Assets.xcassets */ = {isa = PBXFileReference; lastKnownFileType = folder.assetcatalog; path = Assets.xcassets; sourceTree = "<group>"; };
		85C382B924F6A6C900BB7F3C /* Base */ = {isa = PBXFileReference; lastKnownFileType = file.storyboard; name = Base; path = Base.lproj/LaunchScreen.storyboard; sourceTree = "<group>"; };
		85C382BB24F6A6C900BB7F3C /* Info.plist */ = {isa = PBXFileReference; lastKnownFileType = text.plist.xml; path = Info.plist; sourceTree = "<group>"; };
		85C382C624F6A76F00BB7F3C /* Extensions.swift */ = {isa = PBXFileReference; lastKnownFileType = sourcecode.swift; path = Extensions.swift; sourceTree = "<group>"; };
		85D6B9C124F6AC7000AA2C9B /* LoginController.swift */ = {isa = PBXFileReference; lastKnownFileType = sourcecode.swift; path = LoginController.swift; sourceTree = "<group>"; };
		85D6B9C324F6AC8700AA2C9B /* RegistrationController.swift */ = {isa = PBXFileReference; lastKnownFileType = sourcecode.swift; path = RegistrationController.swift; sourceTree = "<group>"; };
		85D6B9C624F6B08300AA2C9B /* InputContainerView.swift */ = {isa = PBXFileReference; lastKnownFileType = sourcecode.swift; path = InputContainerView.swift; sourceTree = "<group>"; };
/* End PBXFileReference section */

/* Begin PBXFrameworksBuildPhase section */
		85C382A724F6A6C600BB7F3C /* Frameworks */ = {
			isa = PBXFrameworksBuildPhase;
			buildActionMask = 2147483647;
			files = (
			);
			runOnlyForDeploymentPostprocessing = 0;
		};
/* End PBXFrameworksBuildPhase section */

/* Begin PBXGroup section */
		85C382A124F6A6C600BB7F3C = {
			isa = PBXGroup;
			children = (
				85C382AC24F6A6C600BB7F3C /* toDoApp_rails */,
				85C382AB24F6A6C600BB7F3C /* Products */,
			);
			sourceTree = "<group>";
		};
		85C382AB24F6A6C600BB7F3C /* Products */ = {
			isa = PBXGroup;
			children = (
				85C382AA24F6A6C600BB7F3C /* toDoApp_rails.app */,
			);
			name = Products;
			sourceTree = "<group>";
		};
		85C382AC24F6A6C600BB7F3C /* toDoApp_rails */ = {
			isa = PBXGroup;
			children = (
				85D6B9C524F6ACD100AA2C9B /* Model */,
				85C382C424F6A72A00BB7F3C /* ViewModel */,
				85C382C124F6A6F500BB7F3C /* View */,
				85C382C224F6A70000BB7F3C /* Controllers */,
				85C382C524F6A73A00BB7F3C /* API */,
				85C382C324F6A72200BB7F3C /* Utils */,
				85C382AD24F6A6C600BB7F3C /* AppDelegate.swift */,
				85C382AF24F6A6C600BB7F3C /* SceneDelegate.swift */,
				85C382B324F6A6C600BB7F3C /* Main.storyboard */,
				85C382B624F6A6C900BB7F3C /* Assets.xcassets */,
				85C382B824F6A6C900BB7F3C /* LaunchScreen.storyboard */,
				85C382BB24F6A6C900BB7F3C /* Info.plist */,
			);
			path = toDoApp_rails;
			sourceTree = "<group>";
		};
		85C382C124F6A6F500BB7F3C /* View */ = {
			isa = PBXGroup;
			children = (
				85D6B9C624F6B08300AA2C9B /* InputContainerView.swift */,
				85A2E74C24F8941F0053DE80 /* CustomTextField.swift */,
			);
			path = View;
			sourceTree = "<group>";
		};
		85C382C224F6A70000BB7F3C /* Controllers */ = {
			isa = PBXGroup;
			children = (
				85D6B9C124F6AC7000AA2C9B /* LoginController.swift */,
				85D6B9C324F6AC8700AA2C9B /* RegistrationController.swift */,
				85A2E75024F89F0E0053DE80 /* HomeController.swift */,
			);
			path = Controllers;
			sourceTree = "<group>";
		};
		85C382C324F6A72200BB7F3C /* Utils */ = {
			isa = PBXGroup;
			children = (
				85C382C624F6A76F00BB7F3C /* Extensions.swift */,
			);
			path = Utils;
			sourceTree = "<group>";
		};
		85C382C424F6A72A00BB7F3C /* ViewModel */ = {
			isa = PBXGroup;
			children = (
				85A2E74E24F89B0C0053DE80 /* AuthViewModel.swift */,
			);
			path = ViewModel;
			sourceTree = "<group>";
		};
		85C382C524F6A73A00BB7F3C /* API */ = {
			isa = PBXGroup;
			children = (
			);
			path = API;
			sourceTree = "<group>";
		};
		85D6B9C524F6ACD100AA2C9B /* Model */ = {
			isa = PBXGroup;
			children = (
				85A2E75224F8A68A0053DE80 /* User.swift */,
			);
			path = Model;
			sourceTree = "<group>";
		};
/* End PBXGroup section */

/* Begin PBXNativeTarget section */
		85C382A924F6A6C600BB7F3C /* toDoApp_rails */ = {
			isa = PBXNativeTarget;
			buildConfigurationList = 85C382BE24F6A6C900BB7F3C /* Build configuration list for PBXNativeTarget "toDoApp_rails" */;
			buildPhases = (
				85C382A624F6A6C600BB7F3C /* Sources */,
				85C382A724F6A6C600BB7F3C /* Frameworks */,
				85C382A824F6A6C600BB7F3C /* Resources */,
			);
			buildRules = (
			);
			dependencies = (
			);
			name = toDoApp_rails;
			productName = toDoApp_rails;
			productReference = 85C382AA24F6A6C600BB7F3C /* toDoApp_rails.app */;
			productType = "com.apple.product-type.application";
		};
/* End PBXNativeTarget section */

/* Begin PBXProject section */
		85C382A224F6A6C600BB7F3C /* Project object */ = {
			isa = PBXProject;
			attributes = {
				LastSwiftUpdateCheck = 1160;
				LastUpgradeCheck = 1160;
				ORGANIZATIONNAME = "ISSEY MIYAMOTO";
				TargetAttributes = {
					85C382A924F6A6C600BB7F3C = {
						CreatedOnToolsVersion = 11.6;
					};
				};
			};
			buildConfigurationList = 85C382A524F6A6C600BB7F3C /* Build configuration list for PBXProject "toDoApp_rails" */;
			compatibilityVersion = "Xcode 9.3";
			developmentRegion = en;
			hasScannedForEncodings = 0;
			knownRegions = (
				en,
				Base,
			);
			mainGroup = 85C382A124F6A6C600BB7F3C;
			productRefGroup = 85C382AB24F6A6C600BB7F3C /* Products */;
			projectDirPath = "";
			projectRoot = "";
			targets = (
				85C382A924F6A6C600BB7F3C /* toDoApp_rails */,
			);
		};
/* End PBXProject section */

/* Begin PBXResourcesBuildPhase section */
		85C382A824F6A6C600BB7F3C /* Resources */ = {
			isa = PBXResourcesBuildPhase;
			buildActionMask = 2147483647;
			files = (
				85C382BA24F6A6C900BB7F3C /* LaunchScreen.storyboard in Resources */,
				85C382B724F6A6C900BB7F3C /* Assets.xcassets in Resources */,
				85C382B524F6A6C600BB7F3C /* Main.storyboard in Resources */,
			);
			runOnlyForDeploymentPostprocessing = 0;
		};
/* End PBXResourcesBuildPhase section */

/* Begin PBXSourcesBuildPhase section */
		85C382A624F6A6C600BB7F3C /* Sources */ = {
			isa = PBXSourcesBuildPhase;
			buildActionMask = 2147483647;
			files = (
				85A2E74D24F8941F0053DE80 /* CustomTextField.swift in Sources */,
				85C382AE24F6A6C600BB7F3C /* AppDelegate.swift in Sources */,
				85D6B9C724F6B08300AA2C9B /* InputContainerView.swift in Sources */,
				85C382B024F6A6C600BB7F3C /* SceneDelegate.swift in Sources */,
				85A2E74F24F89B0C0053DE80 /* AuthViewModel.swift in Sources */,
				85A2E75124F89F0E0053DE80 /* HomeController.swift in Sources */,
				85C382C724F6A76F00BB7F3C /* Extensions.swift in Sources */,
				85D6B9C424F6AC8700AA2C9B /* RegistrationController.swift in Sources */,
				85A2E75324F8A68A0053DE80 /* User.swift in Sources */,
				85D6B9C224F6AC7000AA2C9B /* LoginController.swift in Sources */,
			);
			runOnlyForDeploymentPostprocessing = 0;
		};
/* End PBXSourcesBuildPhase section */

/* Begin PBXVariantGroup section */
		85C382B324F6A6C600BB7F3C /* Main.storyboard */ = {
			isa = PBXVariantGroup;
			children = (
				85C382B424F6A6C600BB7F3C /* Base */,
			);
			name = Main.storyboard;
			sourceTree = "<group>";
		};
		85C382B824F6A6C900BB7F3C /* LaunchScreen.storyboard */ = {
			isa = PBXVariantGroup;
			children = (
				85C382B924F6A6C900BB7F3C /* Base */,
			);
			name = LaunchScreen.storyboard;
			sourceTree = "<group>";
		};
/* End PBXVariantGroup section */

/* Begin XCBuildConfiguration section */
		85C382BC24F6A6C900BB7F3C /* Debug */ = {
			isa = XCBuildConfiguration;
			buildSettings = {
				ALWAYS_SEARCH_USER_PATHS = NO;
				CLANG_ANALYZER_NONNULL = YES;
				CLANG_ANALYZER_NUMBER_OBJECT_CONVERSION = YES_AGGRESSIVE;
				CLANG_CXX_LANGUAGE_STANDARD = "gnu++14";
				CLANG_CXX_LIBRARY = "libc++";
				CLANG_ENABLE_MODULES = YES;
				CLANG_ENABLE_OBJC_ARC = YES;
				CLANG_ENABLE_OBJC_WEAK = YES;
				CLANG_WARN_BLOCK_CAPTURE_AUTORELEASING = YES;
				CLANG_WARN_BOOL_CONVERSION = YES;
				CLANG_WARN_COMMA = YES;
				CLANG_WARN_CONSTANT_CONVERSION = YES;
				CLANG_WARN_DEPRECATED_OBJC_IMPLEMENTATIONS = YES;
				CLANG_WARN_DIRECT_OBJC_ISA_USAGE = YES_ERROR;
				CLANG_WARN_DOCUMENTATION_COMMENTS = YES;
				CLANG_WARN_EMPTY_BODY = YES;
				CLANG_WARN_ENUM_CONVERSION = YES;
				CLANG_WARN_INFINITE_RECURSION = YES;
				CLANG_WARN_INT_CONVERSION = YES;
				CLANG_WARN_NON_LITERAL_NULL_CONVERSION = YES;
				CLANG_WARN_OBJC_IMPLICIT_RETAIN_SELF = YES;
				CLANG_WARN_OBJC_LITERAL_CONVERSION = YES;
				CLANG_WARN_OBJC_ROOT_CLASS = YES_ERROR;
				CLANG_WARN_RANGE_LOOP_ANALYSIS = YES;
				CLANG_WARN_STRICT_PROTOTYPES = YES;
				CLANG_WARN_SUSPICIOUS_MOVE = YES;
				CLANG_WARN_UNGUARDED_AVAILABILITY = YES_AGGRESSIVE;
				CLANG_WARN_UNREACHABLE_CODE = YES;
				CLANG_WARN__DUPLICATE_METHOD_MATCH = YES;
				COPY_PHASE_STRIP = NO;
				DEBUG_INFORMATION_FORMAT = dwarf;
				ENABLE_STRICT_OBJC_MSGSEND = YES;
				ENABLE_TESTABILITY = YES;
				GCC_C_LANGUAGE_STANDARD = gnu11;
				GCC_DYNAMIC_NO_PIC = NO;
				GCC_NO_COMMON_BLOCKS = YES;
				GCC_OPTIMIZATION_LEVEL = 0;
				GCC_PREPROCESSOR_DEFINITIONS = (
					"DEBUG=1",
					"$(inherited)",
				);
				GCC_WARN_64_TO_32_BIT_CONVERSION = YES;
				GCC_WARN_ABOUT_RETURN_TYPE = YES_ERROR;
				GCC_WARN_UNDECLARED_SELECTOR = YES;
				GCC_WARN_UNINITIALIZED_AUTOS = YES_AGGRESSIVE;
				GCC_WARN_UNUSED_FUNCTION = YES;
				GCC_WARN_UNUSED_VARIABLE = YES;
				IPHONEOS_DEPLOYMENT_TARGET = 13.6;
				MTL_ENABLE_DEBUG_INFO = INCLUDE_SOURCE;
				MTL_FAST_MATH = YES;
				ONLY_ACTIVE_ARCH = YES;
				SDKROOT = iphoneos;
				SWIFT_ACTIVE_COMPILATION_CONDITIONS = DEBUG;
				SWIFT_OPTIMIZATION_LEVEL = "-Onone";
			};
			name = Debug;
		};
		85C382BD24F6A6C900BB7F3C /* Release */ = {
			isa = XCBuildConfiguration;
			buildSettings = {
				ALWAYS_SEARCH_USER_PATHS = NO;
				CLANG_ANALYZER_NONNULL = YES;
				CLANG_ANALYZER_NUMBER_OBJECT_CONVERSION = YES_AGGRESSIVE;
				CLANG_CXX_LANGUAGE_STANDARD = "gnu++14";
				CLANG_CXX_LIBRARY = "libc++";
				CLANG_ENABLE_MODULES = YES;
				CLANG_ENABLE_OBJC_ARC = YES;
				CLANG_ENABLE_OBJC_WEAK = YES;
				CLANG_WARN_BLOCK_CAPTURE_AUTORELEASING = YES;
				CLANG_WARN_BOOL_CONVERSION = YES;
				CLANG_WARN_COMMA = YES;
				CLANG_WARN_CONSTANT_CONVERSION = YES;
				CLANG_WARN_DEPRECATED_OBJC_IMPLEMENTATIONS = YES;
				CLANG_WARN_DIRECT_OBJC_ISA_USAGE = YES_ERROR;
				CLANG_WARN_DOCUMENTATION_COMMENTS = YES;
				CLANG_WARN_EMPTY_BODY = YES;
				CLANG_WARN_ENUM_CONVERSION = YES;
				CLANG_WARN_INFINITE_RECURSION = YES;
				CLANG_WARN_INT_CONVERSION = YES;
				CLANG_WARN_NON_LITERAL_NULL_CONVERSION = YES;
				CLANG_WARN_OBJC_IMPLICIT_RETAIN_SELF = YES;
				CLANG_WARN_OBJC_LITERAL_CONVERSION = YES;
				CLANG_WARN_OBJC_ROOT_CLASS = YES_ERROR;
				CLANG_WARN_RANGE_LOOP_ANALYSIS = YES;
				CLANG_WARN_STRICT_PROTOTYPES = YES;
				CLANG_WARN_SUSPICIOUS_MOVE = YES;
				CLANG_WARN_UNGUARDED_AVAILABILITY = YES_AGGRESSIVE;
				CLANG_WARN_UNREACHABLE_CODE = YES;
				CLANG_WARN__DUPLICATE_METHOD_MATCH = YES;
				COPY_PHASE_STRIP = NO;
				DEBUG_INFORMATION_FORMAT = "dwarf-with-dsym";
				ENABLE_NS_ASSERTIONS = NO;
				ENABLE_STRICT_OBJC_MSGSEND = YES;
				GCC_C_LANGUAGE_STANDARD = gnu11;
				GCC_NO_COMMON_BLOCKS = YES;
				GCC_WARN_64_TO_32_BIT_CONVERSION = YES;
				GCC_WARN_ABOUT_RETURN_TYPE = YES_ERROR;
				GCC_WARN_UNDECLARED_SELECTOR = YES;
				GCC_WARN_UNINITIALIZED_AUTOS = YES_AGGRESSIVE;
				GCC_WARN_UNUSED_FUNCTION = YES;
				GCC_WARN_UNUSED_VARIABLE = YES;
				IPHONEOS_DEPLOYMENT_TARGET = 13.6;
				MTL_ENABLE_DEBUG_INFO = NO;
				MTL_FAST_MATH = YES;
				SDKROOT = iphoneos;
				SWIFT_COMPILATION_MODE = wholemodule;
				SWIFT_OPTIMIZATION_LEVEL = "-O";
				VALIDATE_PRODUCT = YES;
			};
			name = Release;
		};
		85C382BF24F6A6C900BB7F3C /* Debug */ = {
			isa = XCBuildConfiguration;
			buildSettings = {
				ASSETCATALOG_COMPILER_APPICON_NAME = AppIcon;
				CODE_SIGN_STYLE = Automatic;
				DEVELOPMENT_TEAM = HN3QP72JH2;
				INFOPLIST_FILE = toDoApp_rails/Info.plist;
				LD_RUNPATH_SEARCH_PATHS = (
					"$(inherited)",
					"@executable_path/Frameworks",
				);
				PRODUCT_BUNDLE_IDENTIFIER = "com.issey.toDoApp-rails";
				PRODUCT_NAME = "$(TARGET_NAME)";
				SWIFT_VERSION = 5.0;
				TARGETED_DEVICE_FAMILY = 1;
			};
			name = Debug;
		};
		85C382C024F6A6C900BB7F3C /* Release */ = {
			isa = XCBuildConfiguration;
			buildSettings = {
				ASSETCATALOG_COMPILER_APPICON_NAME = AppIcon;
				CODE_SIGN_STYLE = Automatic;
				DEVELOPMENT_TEAM = HN3QP72JH2;
				INFOPLIST_FILE = toDoApp_rails/Info.plist;
				LD_RUNPATH_SEARCH_PATHS = (
					"$(inherited)",
					"@executable_path/Frameworks",
				);
				PRODUCT_BUNDLE_IDENTIFIER = "com.issey.toDoApp-rails";
				PRODUCT_NAME = "$(TARGET_NAME)";
				SWIFT_VERSION = 5.0;
				TARGETED_DEVICE_FAMILY = 1;
			};
			name = Release;
		};
/* End XCBuildConfiguration section */

/* Begin XCConfigurationList section */
		85C382A524F6A6C600BB7F3C /* Build configuration list for PBXProject "toDoApp_rails" */ = {
			isa = XCConfigurationList;
			buildConfigurations = (
				85C382BC24F6A6C900BB7F3C /* Debug */,
				85C382BD24F6A6C900BB7F3C /* Release */,
			);
			defaultConfigurationIsVisible = 0;
			defaultConfigurationName = Release;
		};
		85C382BE24F6A6C900BB7F3C /* Build configuration list for PBXNativeTarget "toDoApp_rails" */ = {
			isa = XCConfigurationList;
			buildConfigurations = (
				85C382BF24F6A6C900BB7F3C /* Debug */,
				85C382C024F6A6C900BB7F3C /* Release */,
			);
			defaultConfigurationIsVisible = 0;
			defaultConfigurationName = Release;
		};
/* End XCConfigurationList section */
	};
	rootObject = 85C382A224F6A6C600BB7F3C /* Project object */;
}
